
Microsoft Visual Studio Solution File, Format Version 12.00
# Visual Studio Version 17
VisualStudioVersion = 17.6.33723.286
MinimumVisualStudioVersion = 10.0.40219.1
Project("{FAE04EC0-301F-11D3-BF4B-00C04F79EFBC}") = "HockeyGameMvc", "HockeyGameMvc.csproj", "{42613B6E-8316-40E2-9ECD-467D4A7BBEA9}"
EndProject
Global
	GlobalSection(SolutionConfigurationPlatforms) = preSolution
		Debug|Any CPU = Debug|Any CPU
		Release|Any CPU = Release|Any CPU
	EndGlobalSection
	GlobalSection(ProjectConfigurationPlatforms) = postSolution
		{42613B6E-8316-40E2-9ECD-467D4A7BBEA9}.Debug|Any CPU.ActiveCfg = Debug|Any CPU
		{42613B6E-8316-40E2-9ECD-467D4A7BBEA9}.Debug|Any CPU.Build.0 = Debug|Any CPU
		{42613B6E-8316-40E2-9ECD-467D4A7BBEA9}.Release|Any CPU.ActiveCfg = Release|Any CPU
		{42613B6E-8316-40E2-9ECD-467D4A7BBEA9}.Release|Any CPU.Build.0 = Release|Any CPU
	EndGlobalSection
	GlobalSection(SolutionProperties) = preSolution
		HideSolutionNode = FALSE
	EndGlobalSection
	GlobalSection(ExtensibilityGlobals) = postSolution
		SolutionGuid = {6C5EF391-2B3F-4211-BA40-4CBBC7402BA5}
	EndGlobalSection
EndGlobal
